
Microsoft Visual Studio Solution File, Format Version 12.00
# Visual Studio Version 17
VisualStudioVersion = 17.13.35931.197 d17.13
MinimumVisualStudioVersion = 10.0.40219.1
Project("{FAE04EC0-301F-11D3-BF4B-00C04F79EFBC}") = "baitap_nhom", "baitap_nhom\baitap_nhom.csproj", "{CD67824B-88AA-4DAA-9BFE-9DE6F4D00793}"
EndProject
Global
	GlobalSection(SolutionConfigurationPlatforms) = preSolution
		Debug|Any CPU = Debug|Any CPU
		Release|Any CPU = Release|Any CPU
	EndGlobalSection
	GlobalSection(ProjectConfigurationPlatforms) = postSolution
		{CD67824B-88AA-4DAA-9BFE-9DE6F4D00793}.Debug|Any CPU.ActiveCfg = Debug|Any CPU
		{CD67824B-88AA-4DAA-9BFE-9DE6F4D00793}.Debug|Any CPU.Build.0 = Debug|Any CPU
		{CD67824B-88AA-4DAA-9BFE-9DE6F4D00793}.Release|Any CPU.ActiveCfg = Release|Any CPU
		{CD67824B-88AA-4DAA-9BFE-9DE6F4D00793}.Release|Any CPU.Build.0 = Release|Any CPU
	EndGlobalSection
	GlobalSection(SolutionProperties) = preSolution
		HideSolutionNode = FALSE
	EndGlobalSection
	GlobalSection(ExtensibilityGlobals) = postSolution
		SolutionGuid = {88A84202-450A-445A-8A76-E0AA10EE591A}
	EndGlobalSection
EndGlobal
